<Solution>
  <Folder Name="/Solution Items/">
    <File Path="StudentRegistrationSystem/logo.jpg" />
    <File Path="StudentRegistrationSystem/side_banner.jpg" />
  </Folder>
  <Project Path="StudentRegistrationSystem/StudentRegistrationSystem.csproj" Id="3daa6ae7-1361-4d4c-ae4d-c1ed778b0f75" />
</Solution>
